<?xml version="1.0" encoding="UTF-8"?>
<Scheme
   LastUpgradeVersion = "1600"
   version = "1.7">
   <BuildAction
      parallelizeBuildables = "YES"
      buildImplicitDependencies = "YES">
      <BuildActionEntries>
         <BuildActionEntry
            buildForTesting = "YES"
            buildForRunning = "YES"
            buildForProfiling = "YES"
            buildForArchiving = "YES"
            buildForAnalyzing = "YES">
            <BuildableReference
               BuildableIdentifier = "primary"
               BlueprintIdentifier = "F10000062C81000000000001"
               BuildableName = "NotchFlow.app"
               BlueprintName = "NotchFlow"
               ReferencedContainer = "container:NotchFlow.xcodeproj">
            </BuildableReference>
         </BuildActionEntry>
         <BuildActionEntry
            buildForTesting = "YES"
            buildForRunning = "NO"
            buildForProfiling = "NO"
            buildForArchiving = "NO"
            buildForAnalyzing = "NO">
            <BuildableReference
               BuildableIdentifier = "primary"
               BlueprintIdentifier = "A20000062C81000000000001"
               BuildableName = "NotchFlowAppUITests.xctest"
               BlueprintName = "NotchFlowAppUITests"
               ReferencedContainer = "container:NotchFlow.xcodeproj">
            </BuildableReference>
         </BuildActionEntry>
      </BuildActionEntries>
      <PostActions>
         <ExecutionAction
            ActionType = "Xcode.IDEStandardExecutionActionsCore.ExecutionActionType.ShellScriptAction">
            <ActionContent
               title = "Reject private media symbols"
               scriptText = "BIN=&quot;${TARGET_BUILD_DIR}/${EXECUTABLE_PATH}&quot;&#10;[ -x &quot;$BIN&quot; ] || exit 0&#10;&quot;${SRCROOT}/scripts/check-forbidden-symbols.sh&quot; &quot;$BIN&quot;">
               <EnvironmentBuildable>
                  <BuildableReference
                     BuildableIdentifier = "primary"
                     BlueprintIdentifier = "F10000062C81000000000001"
                     BuildableName = "NotchFlow.app"
                     BlueprintName = "NotchFlow"
                     ReferencedContainer = "container:NotchFlow.xcodeproj">
                  </BuildableReference>
               </EnvironmentBuildable>
            </ActionContent>
         </ExecutionAction>
      </PostActions>
   </BuildAction>
   <TestAction
      buildConfiguration = "AppStore"
      selectedDebuggerIdentifier = "Xcode.DebuggerFoundation.Debugger.LLDB"
      selectedLauncherIdentifier = "Xcode.DebuggerFoundation.Launcher.LLDB"
      shouldUseLaunchSchemeArgsEnv = "YES">
      <Testables>
         <TestableReference
            skipped = "NO">
            <BuildableReference
               BuildableIdentifier = "primary"
               BlueprintIdentifier = "A20000062C81000000000001"
               BuildableName = "NotchFlowAppUITests.xctest"
               BlueprintName = "NotchFlowAppUITests"
               ReferencedContainer = "container:NotchFlow.xcodeproj">
            </BuildableReference>
         </TestableReference>
      </Testables>
   </TestAction>
   <LaunchAction
      buildConfiguration = "AppStore"
      selectedDebuggerIdentifier = "Xcode.DebuggerFoundation.Debugger.LLDB"
      selectedLauncherIdentifier = "Xcode.DebuggerFoundation.Launcher.LLDB"
      launchStyle = "0"
      useCustomWorkingDirectory = "NO"
      ignoresPersistentStateOnLaunch = "NO"
      debugDocumentVersioning = "YES"
      debugServiceExtension = "internal"
      allowLocationSimulation = "YES">
      <BuildableProductRunnable
         runnableDebuggingMode = "0">
         <BuildableReference
            BuildableIdentifier = "primary"
            BlueprintIdentifier = "F10000062C81000000000001"
            BuildableName = "NotchFlow.app"
            BlueprintName = "NotchFlow"
            ReferencedContainer = "container:NotchFlow.xcodeproj">
         </BuildableReference>
      </BuildableProductRunnable>
   </LaunchAction>
   <ProfileAction
      buildConfiguration = "AppStore"
      shouldUseLaunchSchemeArgsEnv = "YES"
      savedToolIdentifier = ""
      useCustomWorkingDirectory = "NO"
      debugDocumentVersioning = "YES">
      <BuildableProductRunnable
         runnableDebuggingMode = "0">
         <BuildableReference
            BuildableIdentifier = "primary"
            BlueprintIdentifier = "F10000062C81000000000001"
            BuildableName = "NotchFlow.app"
            BlueprintName = "NotchFlow"
            ReferencedContainer = "container:NotchFlow.xcodeproj">
         </BuildableReference>
      </BuildableProductRunnable>
   </ProfileAction>
   <AnalyzeAction
      buildConfiguration = "AppStore">
   </AnalyzeAction>
   <ArchiveAction
      buildConfiguration = "AppStore"
      revealArchiveInOrganizer = "YES">
   </ArchiveAction>
</Scheme>
